
Microsoft Visual Studio Solution File, Format Version 12.00
# Visual Studio 15
VisualStudioVersion = 15.0.26730.12
MinimumVisualStudioVersion = 10.0.40219.1
Project("{9A19103F-16F7-4668-BE54-9A1E7A4F7556}") = "Toolset", "src\Toolset\Toolset.csproj", "{EE82245E-2724-4073-947D-A1BBA0955D7F}"
EndProject
Project("{2150E333-8FDC-42A3-9474-1A3956D46DE8}") = "src", "src", "{8567891E-FC21-4FA8-8938-9C1C4E0A84D6}"
EndProject
Project("{2150E333-8FDC-42A3-9474-1A3956D46DE8}") = "docs", "docs", "{DC0723FF-A462-4947-B6A5-8A8E34E8E359}"
EndProject
Project("{2150E333-8FDC-42A3-9474-1A3956D46DE8}") = "sandbox", "sandbox", "{E1FC95F2-7EE0-439E-84EB-5E96EEA3D97C}"
EndProject
Project("{9A19103F-16F7-4668-BE54-9A1E7A4F7556}") = "Toolset.Sequel", "src\Toolset.Sequel\Toolset.Sequel.csproj", "{045FFD11-76E7-4D75-97CC-91670AB97C52}"
EndProject
Project("{9A19103F-16F7-4668-BE54-9A1E7A4F7556}") = "Toolset.Serialization", "src\Toolset.Serialization\Toolset.Serialization.csproj", "{18DFF7D5-BADD-4F75-9C58-DD641986538A}"
EndProject
Project("{9A19103F-16F7-4668-BE54-9A1E7A4F7556}") = "Toolset.Text.Template", "src\Toolset.Text.Template\Toolset.Text.Template.csproj", "{C7140B62-8B39-42B8-A690-E17D824E8FBD}"
EndProject
Project("{2150E333-8FDC-42A3-9474-1A3956D46DE8}") = "toolset", "toolset", "{3221D2B9-7CED-4A57-BC7E-AB035D814B99}"
EndProject
Project("{2150E333-8FDC-42A3-9474-1A3956D46DE8}") = "paper", "paper", "{95A4B702-E30C-4977-A0DB-28906481C6F6}"
EndProject
Project("{9A19103F-16F7-4668-BE54-9A1E7A4F7556}") = "Paper.Media", "src\Paper.Media\Paper.Media.csproj", "{52CA1EBF-3C71-46D1-BB5C-098CC2B9102D}"
EndProject
Project("{9A19103F-16F7-4668-BE54-9A1E7A4F7556}") = "Paper.Api", "src\Paper.Api\Paper.Api.csproj", "{7ACED395-0496-47B1-822E-F1185878474E}"
EndProject
Project("{9A19103F-16F7-4668-BE54-9A1E7A4F7556}") = "Paper.Core", "src\Paper.Core\Paper.Core.csproj", "{48653C31-70DA-48EB-870F-DE04D88D397F}"
EndProject
Project("{FAE04EC0-301F-11D3-BF4B-00C04F79EFBC}") = "Sandbox", "src\Sandbox\Sandbox.csproj", "{77B22C5A-47E2-4048-BE65-93532C68C23C}"
EndProject
Project("{9A19103F-16F7-4668-BE54-9A1E7A4F7556}") = "Paper.Host", "src\Paper.Host\Paper.Host.csproj", "{CA619AB6-1EEE-486A-89F3-D20432E70AF9}"
EndProject
Project("{FAE04EC0-301F-11D3-BF4B-00C04F79EFBC}") = "Paper.Browser", "src\Paper.Browser\Paper.Browser.csproj", "{298D802E-E00E-4DAB-9523-E6FBABBEB6AB}"
EndProject
Project("{9A19103F-16F7-4668-BE54-9A1E7A4F7556}") = "docs", "docs\docs.csproj", "{30D67564-5C12-4AA0-95AC-2D638D11D422}"
EndProject
Global
	GlobalSection(SolutionConfigurationPlatforms) = preSolution
		Debug|Any CPU = Debug|Any CPU
		Release|Any CPU = Release|Any CPU
	EndGlobalSection
	GlobalSection(ProjectConfigurationPlatforms) = postSolution
		{EE82245E-2724-4073-947D-A1BBA0955D7F}.Debug|Any CPU.ActiveCfg = Debug|Any CPU
		{EE82245E-2724-4073-947D-A1BBA0955D7F}.Debug|Any CPU.Build.0 = Debug|Any CPU
		{EE82245E-2724-4073-947D-A1BBA0955D7F}.Release|Any CPU.ActiveCfg = Release|Any CPU
		{EE82245E-2724-4073-947D-A1BBA0955D7F}.Release|Any CPU.Build.0 = Release|Any CPU
		{045FFD11-76E7-4D75-97CC-91670AB97C52}.Debug|Any CPU.ActiveCfg = Debug|Any CPU
		{045FFD11-76E7-4D75-97CC-91670AB97C52}.Debug|Any CPU.Build.0 = Debug|Any CPU
		{045FFD11-76E7-4D75-97CC-91670AB97C52}.Release|Any CPU.ActiveCfg = Release|Any CPU
		{045FFD11-76E7-4D75-97CC-91670AB97C52}.Release|Any CPU.Build.0 = Release|Any CPU
		{18DFF7D5-BADD-4F75-9C58-DD641986538A}.Debug|Any CPU.ActiveCfg = Debug|Any CPU
		{18DFF7D5-BADD-4F75-9C58-DD641986538A}.Debug|Any CPU.Build.0 = Debug|Any CPU
		{18DFF7D5-BADD-4F75-9C58-DD641986538A}.Release|Any CPU.ActiveCfg = Release|Any CPU
		{18DFF7D5-BADD-4F75-9C58-DD641986538A}.Release|Any CPU.Build.0 = Release|Any CPU
		{C7140B62-8B39-42B8-A690-E17D824E8FBD}.Debug|Any CPU.ActiveCfg = Debug|Any CPU
		{C7140B62-8B39-42B8-A690-E17D824E8FBD}.Debug|Any CPU.Build.0 = Debug|Any CPU
		{C7140B62-8B39-42B8-A690-E17D824E8FBD}.Release|Any CPU.ActiveCfg = Release|Any CPU
		{C7140B62-8B39-42B8-A690-E17D824E8FBD}.Release|Any CPU.Build.0 = Release|Any CPU
		{52CA1EBF-3C71-46D1-BB5C-098CC2B9102D}.Debug|Any CPU.ActiveCfg = Debug|Any CPU
		{52CA1EBF-3C71-46D1-BB5C-098CC2B9102D}.Debug|Any CPU.Build.0 = Debug|Any CPU
		{52CA1EBF-3C71-46D1-BB5C-098CC2B9102D}.Release|Any CPU.ActiveCfg = Release|Any CPU
		{52CA1EBF-3C71-46D1-BB5C-098CC2B9102D}.Release|Any CPU.Build.0 = Release|Any CPU
		{7ACED395-0496-47B1-822E-F1185878474E}.Debug|Any CPU.ActiveCfg = Debug|Any CPU
		{7ACED395-0496-47B1-822E-F1185878474E}.Debug|Any CPU.Build.0 = Debug|Any CPU
		{7ACED395-0496-47B1-822E-F1185878474E}.Release|Any CPU.ActiveCfg = Release|Any CPU
		{7ACED395-0496-47B1-822E-F1185878474E}.Release|Any CPU.Build.0 = Release|Any CPU
		{48653C31-70DA-48EB-870F-DE04D88D397F}.Debug|Any CPU.ActiveCfg = Debug|Any CPU
		{48653C31-70DA-48EB-870F-DE04D88D397F}.Debug|Any CPU.Build.0 = Debug|Any CPU
		{48653C31-70DA-48EB-870F-DE04D88D397F}.Release|Any CPU.ActiveCfg = Release|Any CPU
		{48653C31-70DA-48EB-870F-DE04D88D397F}.Release|Any CPU.Build.0 = Release|Any CPU
		{77B22C5A-47E2-4048-BE65-93532C68C23C}.Debug|Any CPU.ActiveCfg = Debug|Any CPU
		{77B22C5A-47E2-4048-BE65-93532C68C23C}.Debug|Any CPU.Build.0 = Debug|Any CPU
		{77B22C5A-47E2-4048-BE65-93532C68C23C}.Release|Any CPU.ActiveCfg = Release|Any CPU
		{77B22C5A-47E2-4048-BE65-93532C68C23C}.Release|Any CPU.Build.0 = Release|Any CPU
		{CA619AB6-1EEE-486A-89F3-D20432E70AF9}.Debug|Any CPU.ActiveCfg = Debug|Any CPU
		{CA619AB6-1EEE-486A-89F3-D20432E70AF9}.Debug|Any CPU.Build.0 = Debug|Any CPU
		{CA619AB6-1EEE-486A-89F3-D20432E70AF9}.Release|Any CPU.ActiveCfg = Release|Any CPU
		{CA619AB6-1EEE-486A-89F3-D20432E70AF9}.Release|Any CPU.Build.0 = Release|Any CPU
		{298D802E-E00E-4DAB-9523-E6FBABBEB6AB}.Debug|Any CPU.ActiveCfg = Debug|Any CPU
		{298D802E-E00E-4DAB-9523-E6FBABBEB6AB}.Debug|Any CPU.Build.0 = Debug|Any CPU
		{298D802E-E00E-4DAB-9523-E6FBABBEB6AB}.Release|Any CPU.ActiveCfg = Release|Any CPU
		{298D802E-E00E-4DAB-9523-E6FBABBEB6AB}.Release|Any CPU.Build.0 = Release|Any CPU
		{30D67564-5C12-4AA0-95AC-2D638D11D422}.Debug|Any CPU.ActiveCfg = Debug|Any CPU
		{30D67564-5C12-4AA0-95AC-2D638D11D422}.Debug|Any CPU.Build.0 = Debug|Any CPU
		{30D67564-5C12-4AA0-95AC-2D638D11D422}.Release|Any CPU.ActiveCfg = Release|Any CPU
		{30D67564-5C12-4AA0-95AC-2D638D11D422}.Release|Any CPU.Build.0 = Release|Any CPU
	EndGlobalSection
	GlobalSection(SolutionProperties) = preSolution
		HideSolutionNode = FALSE
	EndGlobalSection
	GlobalSection(NestedProjects) = preSolution
		{EE82245E-2724-4073-947D-A1BBA0955D7F} = {3221D2B9-7CED-4A57-BC7E-AB035D814B99}
		{E1FC95F2-7EE0-439E-84EB-5E96EEA3D97C} = {8567891E-FC21-4FA8-8938-9C1C4E0A84D6}
		{045FFD11-76E7-4D75-97CC-91670AB97C52} = {3221D2B9-7CED-4A57-BC7E-AB035D814B99}
		{18DFF7D5-BADD-4F75-9C58-DD641986538A} = {3221D2B9-7CED-4A57-BC7E-AB035D814B99}
		{C7140B62-8B39-42B8-A690-E17D824E8FBD} = {3221D2B9-7CED-4A57-BC7E-AB035D814B99}
		{3221D2B9-7CED-4A57-BC7E-AB035D814B99} = {8567891E-FC21-4FA8-8938-9C1C4E0A84D6}
		{95A4B702-E30C-4977-A0DB-28906481C6F6} = {8567891E-FC21-4FA8-8938-9C1C4E0A84D6}
		{52CA1EBF-3C71-46D1-BB5C-098CC2B9102D} = {95A4B702-E30C-4977-A0DB-28906481C6F6}
		{7ACED395-0496-47B1-822E-F1185878474E} = {95A4B702-E30C-4977-A0DB-28906481C6F6}
		{48653C31-70DA-48EB-870F-DE04D88D397F} = {95A4B702-E30C-4977-A0DB-28906481C6F6}
		{77B22C5A-47E2-4048-BE65-93532C68C23C} = {E1FC95F2-7EE0-439E-84EB-5E96EEA3D97C}
		{CA619AB6-1EEE-486A-89F3-D20432E70AF9} = {95A4B702-E30C-4977-A0DB-28906481C6F6}
		{298D802E-E00E-4DAB-9523-E6FBABBEB6AB} = {95A4B702-E30C-4977-A0DB-28906481C6F6}
		{30D67564-5C12-4AA0-95AC-2D638D11D422} = {DC0723FF-A462-4947-B6A5-8A8E34E8E359}
	EndGlobalSection
	GlobalSection(ExtensibilityGlobals) = postSolution
		SolutionGuid = {BFDF9B8E-0286-4B26-BD6B-0213BB8E5A3A}
	EndGlobalSection
EndGlobal
